
Microsoft Visual Studio Solution File, Format Version 12.00
# Visual Studio Version 17
VisualStudioVersion = 17.5.002.0
MinimumVisualStudioVersion = 10.0.40219.1
Project("{9A19103F-16F7-4668-BE54-9A1E7A4F7556}") = "tourslib", "MetTours\tourslib.csproj", "{C27A64FD-975C-42B3-850D-834156909396}"
EndProject
Project("{9A19103F-16F7-4668-BE54-9A1E7A4F7556}") = "ToursApp", "ToursApp\ToursApp.csproj", "{2869E2D1-648A-4EF3-98B7-BAD719CAE32D}"
EndProject
Global
	GlobalSection(SolutionConfigurationPlatforms) = preSolution
		Debug|Any CPU = Debug|Any CPU
		Release|Any CPU = Release|Any CPU
	EndGlobalSection
	GlobalSection(ProjectConfigurationPlatforms) = postSolution
		{C27A64FD-975C-42B3-850D-834156909396}.Debug|Any CPU.ActiveCfg = Debug|Any CPU
		{C27A64FD-975C-42B3-850D-834156909396}.Debug|Any CPU.Build.0 = Debug|Any CPU
		{C27A64FD-975C-42B3-850D-834156909396}.Release|Any CPU.ActiveCfg = Release|Any CPU
		{C27A64FD-975C-42B3-850D-834156909396}.Release|Any CPU.Build.0 = Release|Any CPU
		{2869E2D1-648A-4EF3-98B7-BAD719CAE32D}.Debug|Any CPU.ActiveCfg = Debug|Any CPU
		{2869E2D1-648A-4EF3-98B7-BAD719CAE32D}.Debug|Any CPU.Build.0 = Debug|Any CPU
		{2869E2D1-648A-4EF3-98B7-BAD719CAE32D}.Release|Any CPU.ActiveCfg = Release|Any CPU
		{2869E2D1-648A-4EF3-98B7-BAD719CAE32D}.Release|Any CPU.Build.0 = Release|Any CPU
	EndGlobalSection
	GlobalSection(SolutionProperties) = preSolution
		HideSolutionNode = FALSE
	EndGlobalSection
	GlobalSection(ExtensibilityGlobals) = postSolution
		SolutionGuid = {90221AF3-F491-4495-8D6B-F054FBDAAA4C}
	EndGlobalSection
EndGlobal
